
Microsoft Visual Studio Solution File, Format Version 12.00
# Visual Studio Version 17
VisualStudioVersion = 17.14.36408.4 d17.14
MinimumVisualStudioVersion = 10.0.40219.1
Project("{FAE04EC0-301F-11D3-BF4B-00C04F79EFBC}") = "Simulation", "Simulation.csproj", "{B5E518AD-37B3-49F2-9D0B-92FFF2552EF0}"
EndProject
Global
	GlobalSection(SolutionConfigurationPlatforms) = preSolution
		Debug|Any CPU = Debug|Any CPU
		Release|Any CPU = Release|Any CPU
	EndGlobalSection
	GlobalSection(ProjectConfigurationPlatforms) = postSolution
		{B5E518AD-37B3-49F2-9D0B-92FFF2552EF0}.Debug|Any CPU.ActiveCfg = Debug|Any CPU
		{B5E518AD-37B3-49F2-9D0B-92FFF2552EF0}.Debug|Any CPU.Build.0 = Debug|Any CPU
		{B5E518AD-37B3-49F2-9D0B-92FFF2552EF0}.Release|Any CPU.ActiveCfg = Release|Any CPU
		{B5E518AD-37B3-49F2-9D0B-92FFF2552EF0}.Release|Any CPU.Build.0 = Release|Any CPU
	EndGlobalSection
	GlobalSection(SolutionProperties) = preSolution
		HideSolutionNode = FALSE
	EndGlobalSection
	GlobalSection(ExtensibilityGlobals) = postSolution
		SolutionGuid = {7FE1665E-FD84-48D2-838E-06032FA34251}
	EndGlobalSection
EndGlobal
